
Microsoft Visual Studio Solution File, Format Version 12.00
# Visual Studio Version 17
VisualStudioVersion = 17.9.34622.214
MinimumVisualStudioVersion = 10.0.40219.1
Project("{9A19103F-16F7-4668-BE54-9A1E7A4F7556}") = "Projet_Version_Beta", "Projet_Version_Beta\Projet_Version_Beta.csproj", "{56DD0E2B-B331-4B66-A4DE-33D7B6CBE2C5}"
EndProject
Project("{9A19103F-16F7-4668-BE54-9A1E7A4F7556}") = "Infrastructure", "Infrastructure\Infrastructure.csproj", "{3C1A8E3C-4A81-4CAA-849E-7ADEE9975D0D}"
EndProject
Project("{FAE04EC0-301F-11D3-BF4B-00C04F79EFBC}") = "Projet_Version_Beta_Test", "Projet_Version_Beta_Test\Projet_Version_Beta_Test.csproj", "{E79EC375-CE1D-4469-BDF7-CD1151204C4E}"
EndProject
Global
	GlobalSection(SolutionConfigurationPlatforms) = preSolution
		Debug|Any CPU = Debug|Any CPU
		Release|Any CPU = Release|Any CPU
	EndGlobalSection
	GlobalSection(ProjectConfigurationPlatforms) = postSolution
		{56DD0E2B-B331-4B66-A4DE-33D7B6CBE2C5}.Debug|Any CPU.ActiveCfg = Debug|Any CPU
		{56DD0E2B-B331-4B66-A4DE-33D7B6CBE2C5}.Debug|Any CPU.Build.0 = Debug|Any CPU
		{56DD0E2B-B331-4B66-A4DE-33D7B6CBE2C5}.Release|Any CPU.ActiveCfg = Release|Any CPU
		{56DD0E2B-B331-4B66-A4DE-33D7B6CBE2C5}.Release|Any CPU.Build.0 = Release|Any CPU
		{3C1A8E3C-4A81-4CAA-849E-7ADEE9975D0D}.Debug|Any CPU.ActiveCfg = Debug|Any CPU
		{3C1A8E3C-4A81-4CAA-849E-7ADEE9975D0D}.Debug|Any CPU.Build.0 = Debug|Any CPU
		{3C1A8E3C-4A81-4CAA-849E-7ADEE9975D0D}.Release|Any CPU.ActiveCfg = Release|Any CPU
		{3C1A8E3C-4A81-4CAA-849E-7ADEE9975D0D}.Release|Any CPU.Build.0 = Release|Any CPU
		{E79EC375-CE1D-4469-BDF7-CD1151204C4E}.Debug|Any CPU.ActiveCfg = Debug|Any CPU
		{E79EC375-CE1D-4469-BDF7-CD1151204C4E}.Debug|Any CPU.Build.0 = Debug|Any CPU
		{E79EC375-CE1D-4469-BDF7-CD1151204C4E}.Release|Any CPU.ActiveCfg = Release|Any CPU
		{E79EC375-CE1D-4469-BDF7-CD1151204C4E}.Release|Any CPU.Build.0 = Release|Any CPU
	EndGlobalSection
	GlobalSection(SolutionProperties) = preSolution
		HideSolutionNode = FALSE
	EndGlobalSection
	GlobalSection(ExtensibilityGlobals) = postSolution
		SolutionGuid = {2AFB79FA-4059-4386-9CC3-2DFF85D2C73B}
	EndGlobalSection
EndGlobal
